// !$*UTF8*$!
{
   archiveVersion = "1";
   objectVersion = "46";
   objects = {
      "Multiaddr::Multiaddr" = {
         isa = "PBXNativeTarget";
         buildConfigurationList = "OBJ_38";
         buildPhases = (
            "OBJ_41",
            "OBJ_56"
         );
         dependencies = (
         );
         name = "Multiaddr";
         productName = "Multiaddr";
         productReference = "Multiaddr::Multiaddr::Product";
         productType = "com.apple.product-type.framework";
      };
      "Multiaddr::Multiaddr::Product" = {
         isa = "PBXFileReference";
         path = "Multiaddr.framework";
         sourceTree = "BUILT_PRODUCTS_DIR";
      };
      "Multiaddr::MultiaddrPackageTests::ProductTarget" = {
         isa = "PBXAggregateTarget";
         buildConfigurationList = "OBJ_64";
         buildPhases = (
         );
         dependencies = (
            "OBJ_67"
         );
         name = "MultiaddrPackageTests";
         productName = "MultiaddrPackageTests";
      };
      "Multiaddr::MultiaddrTests" = {
         isa = "PBXNativeTarget";
         buildConfigurationList = "OBJ_69";
         buildPhases = (
            "OBJ_72",
            "OBJ_76"
         );
         dependencies = (
            "OBJ_78"
         );
         name = "MultiaddrTests";
         productName = "MultiaddrTests";
         productReference = "Multiaddr::MultiaddrTests::Product";
         productType = "com.apple.product-type.bundle.unit-test";
      };
      "Multiaddr::MultiaddrTests::Product" = {
         isa = "PBXFileReference";
         path = "MultiaddrTests.xctest";
         sourceTree = "BUILT_PRODUCTS_DIR";
      };
      "Multiaddr::SwiftPMPackageDescription" = {
         isa = "PBXNativeTarget";
         buildConfigurationList = "OBJ_58";
         buildPhases = (
            "OBJ_61"
         );
         dependencies = (
         );
         name = "MultiaddrPackageDescription";
         productName = "MultiaddrPackageDescription";
         productType = "com.apple.product-type.framework";
      };
      "OBJ_1" = {
         isa = "PBXProject";
         attributes = {
            LastSwiftMigration = "9999";
            LastUpgradeCheck = "9999";
         };
         buildConfigurationList = "OBJ_2";
         compatibilityVersion = "Xcode 3.2";
         developmentRegion = "en";
         hasScannedForEncodings = "0";
         knownRegions = (
            "en"
         );
         mainGroup = "OBJ_5";
         productRefGroup = "OBJ_31";
         projectDirPath = ".";
         targets = (
            "Multiaddr::Multiaddr",
            "Multiaddr::SwiftPMPackageDescription",
            "Multiaddr::MultiaddrPackageTests::ProductTarget",
            "Multiaddr::MultiaddrTests"
         );
      };
      "OBJ_10" = {
         isa = "PBXGroup";
         children = (
            "OBJ_11",
            "OBJ_12"
         );
         name = "Extensions";
         path = "Extensions";
         sourceTree = "<group>";
      };
      "OBJ_11" = {
         isa = "PBXFileReference";
         path = "Data+Multiaddr.swift";
         sourceTree = "<group>";
      };
      "OBJ_12" = {
         isa = "PBXFileReference";
         path = "Error+Multiaddr.swift";
         sourceTree = "<group>";
      };
      "OBJ_13" = {
         isa = "PBXFileReference";
         path = "Multiaddr.swift";
         sourceTree = "<group>";
      };
      "OBJ_14" = {
         isa = "PBXGroup";
         children = (
            "OBJ_15",
            "OBJ_16",
            "OBJ_17",
            "OBJ_18",
            "OBJ_19",
            "OBJ_20",
            "OBJ_21"
         );
         name = "Protocol Helpers";
         path = "Protocol Helpers";
         sourceTree = "<group>";
      };
      "OBJ_15" = {
         isa = "PBXFileReference";
         path = "Base32.swift";
         sourceTree = "<group>";
      };
      "OBJ_16" = {
         isa = "PBXFileReference";
         path = "Base58.swift";
         sourceTree = "<group>";
      };
      "OBJ_17" = {
         isa = "PBXFileReference";
         path = "DNS.swift";
         sourceTree = "<group>";
      };
      "OBJ_18" = {
         isa = "PBXFileReference";
         path = "IPFS.swift";
         sourceTree = "<group>";
      };
      "OBJ_19" = {
         isa = "PBXFileReference";
         path = "IPv4.swift";
         sourceTree = "<group>";
      };
      "OBJ_2" = {
         isa = "XCConfigurationList";
         buildConfigurations = (
            "OBJ_3",
            "OBJ_4"
         );
         defaultConfigurationIsVisible = "0";
         defaultConfigurationName = "Release";
      };
      "OBJ_20" = {
         isa = "PBXFileReference";
         path = "IPv6.swift";
         sourceTree = "<group>";
      };
      "OBJ_21" = {
         isa = "PBXFileReference";
         path = "Onion.swift";
         sourceTree = "<group>";
      };
      "OBJ_22" = {
         isa = "PBXFileReference";
         path = "Protocol.swift";
         sourceTree = "<group>";
      };
      "OBJ_23" = {
         isa = "PBXGroup";
         children = (
            "OBJ_24",
            "OBJ_25"
         );
         name = "Varint";
         path = "Varint";
         sourceTree = "<group>";
      };
      "OBJ_24" = {
         isa = "PBXFileReference";
         path = "BinaryEncoder.swift";
         sourceTree = "<group>";
      };
      "OBJ_25" = {
         isa = "PBXFileReference";
         path = "Varint.swift";
         sourceTree = "<group>";
      };
      "OBJ_26" = {
         isa = "PBXGroup";
         children = (
            "OBJ_27"
         );
         name = "Tests";
         path = "";
         sourceTree = "SOURCE_ROOT";
      };
      "OBJ_27" = {
         isa = "PBXGroup";
         children = (
            "OBJ_28",
            "OBJ_29",
            "OBJ_30"
         );
         name = "MultiaddrTests";
         path = "Tests/MultiaddrTests";
         sourceTree = "SOURCE_ROOT";
      };
      "OBJ_28" = {
         isa = "PBXFileReference";
         path = "MultiaddrTests.swift";
         sourceTree = "<group>";
      };
      "OBJ_29" = {
         isa = "PBXFileReference";
         path = "ProtocolTests.swift";
         sourceTree = "<group>";
      };
      "OBJ_3" = {
         isa = "XCBuildConfiguration";
         buildSettings = {
            CLANG_ENABLE_OBJC_ARC = "YES";
            COMBINE_HIDPI_IMAGES = "YES";
            COPY_PHASE_STRIP = "NO";
            DEBUG_INFORMATION_FORMAT = "dwarf";
            DYLIB_INSTALL_NAME_BASE = "@rpath";
            ENABLE_NS_ASSERTIONS = "YES";
            GCC_OPTIMIZATION_LEVEL = "0";
            GCC_PREPROCESSOR_DEFINITIONS = (
               "$(inherited)",
               "SWIFT_PACKAGE=1",
               "DEBUG=1"
            );
            MACOSX_DEPLOYMENT_TARGET = "10.10";
            ONLY_ACTIVE_ARCH = "YES";
            OTHER_SWIFT_FLAGS = (
               "$(inherited)",
               "-DXcode"
            );
            PRODUCT_NAME = "$(TARGET_NAME)";
            SDKROOT = "macosx";
            SUPPORTED_PLATFORMS = (
               "macosx",
               "iphoneos",
               "iphonesimulator",
               "appletvos",
               "appletvsimulator",
               "watchos",
               "watchsimulator"
            );
            SWIFT_ACTIVE_COMPILATION_CONDITIONS = (
               "$(inherited)",
               "SWIFT_PACKAGE",
               "DEBUG"
            );
            SWIFT_OPTIMIZATION_LEVEL = "-Onone";
            USE_HEADERMAP = "NO";
         };
         name = "Debug";
      };
      "OBJ_30" = {
         isa = "PBXFileReference";
         path = "XCTestManifests.swift";
         sourceTree = "<group>";
      };
      "OBJ_31" = {
         isa = "PBXGroup";
         children = (
            "Multiaddr::Multiaddr::Product",
            "Multiaddr::MultiaddrTests::Product"
         );
         name = "Products";
         path = "";
         sourceTree = "BUILT_PRODUCTS_DIR";
      };
      "OBJ_34" = {
         isa = "PBXFileReference";
         path = "Multiaddr.xcworkspace";
         sourceTree = "SOURCE_ROOT";
      };
      "OBJ_35" = {
         isa = "PBXFileReference";
         path = "LICENSE";
         sourceTree = "<group>";
      };
      "OBJ_36" = {
         isa = "PBXFileReference";
         path = "README.md";
         sourceTree = "<group>";
      };
      "OBJ_38" = {
         isa = "XCConfigurationList";
         buildConfigurations = (
            "OBJ_39",
            "OBJ_40"
         );
         defaultConfigurationIsVisible = "0";
         defaultConfigurationName = "Release";
      };
      "OBJ_39" = {
         isa = "XCBuildConfiguration";
         buildSettings = {
            ENABLE_TESTABILITY = "YES";
            FRAMEWORK_SEARCH_PATHS = (
               "$(inherited)",
               "$(PLATFORM_DIR)/Developer/Library/Frameworks"
            );
            HEADER_SEARCH_PATHS = (
               "$(inherited)"
            );
            INFOPLIST_FILE = "Multiaddr.xcodeproj/Multiaddr_Info.plist";
            IPHONEOS_DEPLOYMENT_TARGET = "12.0";
            LD_RUNPATH_SEARCH_PATHS = (
               "$(inherited)",
               "$(TOOLCHAIN_DIR)/usr/lib/swift/macosx"
            );
            MACOSX_DEPLOYMENT_TARGET = "10.14";
            OTHER_CFLAGS = (
               "$(inherited)"
            );
            OTHER_LDFLAGS = (
               "$(inherited)"
            );
            OTHER_SWIFT_FLAGS = (
               "$(inherited)"
            );
            PRODUCT_BUNDLE_IDENTIFIER = "Multiaddr";
            PRODUCT_MODULE_NAME = "$(TARGET_NAME:c99extidentifier)";
            PRODUCT_NAME = "$(TARGET_NAME:c99extidentifier)";
            SKIP_INSTALL = "YES";
            SWIFT_ACTIVE_COMPILATION_CONDITIONS = (
               "$(inherited)"
            );
            SWIFT_VERSION = "5.0";
            TARGET_NAME = "Multiaddr";
            TVOS_DEPLOYMENT_TARGET = "9.0";
            WATCHOS_DEPLOYMENT_TARGET = "2.0";
         };
         name = "Debug";
      };
      "OBJ_4" = {
         isa = "XCBuildConfiguration";
         buildSettings = {
            CLANG_ENABLE_OBJC_ARC = "YES";
            COMBINE_HIDPI_IMAGES = "YES";
            COPY_PHASE_STRIP = "YES";
            DEBUG_INFORMATION_FORMAT = "dwarf-with-dsym";
            DYLIB_INSTALL_NAME_BASE = "@rpath";
            GCC_OPTIMIZATION_LEVEL = "s";
            GCC_PREPROCESSOR_DEFINITIONS = (
               "$(inherited)",
               "SWIFT_PACKAGE=1"
            );
            MACOSX_DEPLOYMENT_TARGET = "10.10";
            OTHER_SWIFT_FLAGS = (
               "$(inherited)",
               "-DXcode"
            );
            PRODUCT_NAME = "$(TARGET_NAME)";
            SDKROOT = "macosx";
            SUPPORTED_PLATFORMS = (
               "macosx",
               "iphoneos",
               "iphonesimulator",
               "appletvos",
               "appletvsimulator",
               "watchos",
               "watchsimulator"
            );
            SWIFT_ACTIVE_COMPILATION_CONDITIONS = (
               "$(inherited)",
               "SWIFT_PACKAGE"
            );
            SWIFT_OPTIMIZATION_LEVEL = "-Owholemodule";
            USE_HEADERMAP = "NO";
         };
         name = "Release";
      };
      "OBJ_40" = {
         isa = "XCBuildConfiguration";
         buildSettings = {
            ENABLE_TESTABILITY = "YES";
            FRAMEWORK_SEARCH_PATHS = (
               "$(inherited)",
               "$(PLATFORM_DIR)/Developer/Library/Frameworks"
            );
            HEADER_SEARCH_PATHS = (
               "$(inherited)"
            );
            INFOPLIST_FILE = "Multiaddr.xcodeproj/Multiaddr_Info.plist";
            IPHONEOS_DEPLOYMENT_TARGET = "12.0";
            LD_RUNPATH_SEARCH_PATHS = (
               "$(inherited)",
               "$(TOOLCHAIN_DIR)/usr/lib/swift/macosx"
            );
            MACOSX_DEPLOYMENT_TARGET = "10.14";
            OTHER_CFLAGS = (
               "$(inherited)"
            );
            OTHER_LDFLAGS = (
               "$(inherited)"
            );
            OTHER_SWIFT_FLAGS = (
               "$(inherited)"
            );
            PRODUCT_BUNDLE_IDENTIFIER = "Multiaddr";
            PRODUCT_MODULE_NAME = "$(TARGET_NAME:c99extidentifier)";
            PRODUCT_NAME = "$(TARGET_NAME:c99extidentifier)";
            SKIP_INSTALL = "YES";
            SWIFT_ACTIVE_COMPILATION_CONDITIONS = (
               "$(inherited)"
            );
            SWIFT_VERSION = "5.0";
            TARGET_NAME = "Multiaddr";
            TVOS_DEPLOYMENT_TARGET = "9.0";
            WATCHOS_DEPLOYMENT_TARGET = "2.0";
         };
         name = "Release";
      };
      "OBJ_41" = {
         isa = "PBXSourcesBuildPhase";
         files = (
            "OBJ_42",
            "OBJ_43",
            "OBJ_44",
            "OBJ_45",
            "OBJ_46",
            "OBJ_47",
            "OBJ_48",
            "OBJ_49",
            "OBJ_50",
            "OBJ_51",
            "OBJ_52",
            "OBJ_53",
            "OBJ_54",
            "OBJ_55"
         );
      };
      "OBJ_42" = {
         isa = "PBXBuildFile";
         fileRef = "OBJ_9";
      };
      "OBJ_43" = {
         isa = "PBXBuildFile";
         fileRef = "OBJ_11";
      };
      "OBJ_44" = {
         isa = "PBXBuildFile";
         fileRef = "OBJ_12";
      };
      "OBJ_45" = {
         isa = "PBXBuildFile";
         fileRef = "OBJ_13";
      };
      "OBJ_46" = {
         isa = "PBXBuildFile";
         fileRef = "OBJ_15";
      };
      "OBJ_47" = {
         isa = "PBXBuildFile";
         fileRef = "OBJ_16";
      };
      "OBJ_48" = {
         isa = "PBXBuildFile";
         fileRef = "OBJ_17";
      };
      "OBJ_49" = {
         isa = "PBXBuildFile";
         fileRef = "OBJ_18";
      };
      "OBJ_5" = {
         isa = "PBXGroup";
         children = (
            "OBJ_6",
            "OBJ_7",
            "OBJ_26",
            "OBJ_31",
            "OBJ_34",
            "OBJ_35",
            "OBJ_36"
         );
         path = "";
         sourceTree = "<group>";
      };
      "OBJ_50" = {
         isa = "PBXBuildFile";
         fileRef = "OBJ_19";
      };
      "OBJ_51" = {
         isa = "PBXBuildFile";
         fileRef = "OBJ_20";
      };
      "OBJ_52" = {
         isa = "PBXBuildFile";
         fileRef = "OBJ_21";
      };
      "OBJ_53" = {
         isa = "PBXBuildFile";
         fileRef = "OBJ_22";
      };
      "OBJ_54" = {
         isa = "PBXBuildFile";
         fileRef = "OBJ_24";
      };
      "OBJ_55" = {
         isa = "PBXBuildFile";
         fileRef = "OBJ_25";
      };
      "OBJ_56" = {
         isa = "PBXFrameworksBuildPhase";
         files = (
         );
      };
      "OBJ_58" = {
         isa = "XCConfigurationList";
         buildConfigurations = (
            "OBJ_59",
            "OBJ_60"
         );
         defaultConfigurationIsVisible = "0";
         defaultConfigurationName = "Release";
      };
      "OBJ_59" = {
         isa = "XCBuildConfiguration";
         buildSettings = {
            LD = "/usr/bin/true";
            OTHER_SWIFT_FLAGS = (
               "-swift-version",
               "5",
               "-I",
               "$(TOOLCHAIN_DIR)/usr/lib/swift/pm/4_2",
               "-target",
               "x86_64-apple-macosx10.10",
               "-sdk",
               "/Applications/Xcode-beta.app/Contents/Developer/Platforms/MacOSX.platform/Developer/SDKs/MacOSX10.15.sdk",
               "-package-description-version",
               "5"
            );
            SWIFT_VERSION = "5.0";
         };
         name = "Debug";
      };
      "OBJ_6" = {
         isa = "PBXFileReference";
         explicitFileType = "sourcecode.swift";
         path = "Package.swift";
         sourceTree = "<group>";
      };
      "OBJ_60" = {
         isa = "XCBuildConfiguration";
         buildSettings = {
            LD = "/usr/bin/true";
            OTHER_SWIFT_FLAGS = (
               "-swift-version",
               "5",
               "-I",
               "$(TOOLCHAIN_DIR)/usr/lib/swift/pm/4_2",
               "-target",
               "x86_64-apple-macosx10.10",
               "-sdk",
               "/Applications/Xcode-beta.app/Contents/Developer/Platforms/MacOSX.platform/Developer/SDKs/MacOSX10.15.sdk",
               "-package-description-version",
               "5"
            );
            SWIFT_VERSION = "5.0";
         };
         name = "Release";
      };
      "OBJ_61" = {
         isa = "PBXSourcesBuildPhase";
         files = (
            "OBJ_62"
         );
      };
      "OBJ_62" = {
         isa = "PBXBuildFile";
         fileRef = "OBJ_6";
      };
      "OBJ_64" = {
         isa = "XCConfigurationList";
         buildConfigurations = (
            "OBJ_65",
            "OBJ_66"
         );
         defaultConfigurationIsVisible = "0";
         defaultConfigurationName = "Release";
      };
      "OBJ_65" = {
         isa = "XCBuildConfiguration";
         buildSettings = {
         };
         name = "Debug";
      };
      "OBJ_66" = {
         isa = "XCBuildConfiguration";
         buildSettings = {
         };
         name = "Release";
      };
      "OBJ_67" = {
         isa = "PBXTargetDependency";
         target = "Multiaddr::MultiaddrTests";
      };
      "OBJ_69" = {
         isa = "XCConfigurationList";
         buildConfigurations = (
            "OBJ_70",
            "OBJ_71"
         );
         defaultConfigurationIsVisible = "0";
         defaultConfigurationName = "Release";
      };
      "OBJ_7" = {
         isa = "PBXGroup";
         children = (
            "OBJ_8"
         );
         name = "Sources";
         path = "";
         sourceTree = "SOURCE_ROOT";
      };
      "OBJ_70" = {
         isa = "XCBuildConfiguration";
         buildSettings = {
            CLANG_ENABLE_MODULES = "YES";
            EMBEDDED_CONTENT_CONTAINS_SWIFT = "YES";
            FRAMEWORK_SEARCH_PATHS = (
               "$(inherited)",
               "$(PLATFORM_DIR)/Developer/Library/Frameworks"
            );
            HEADER_SEARCH_PATHS = (
               "$(inherited)"
            );
            INFOPLIST_FILE = "Multiaddr.xcodeproj/MultiaddrTests_Info.plist";
            IPHONEOS_DEPLOYMENT_TARGET = "12.0";
            LD_RUNPATH_SEARCH_PATHS = (
               "$(inherited)",
               "@loader_path/../Frameworks",
               "@loader_path/Frameworks"
            );
            MACOSX_DEPLOYMENT_TARGET = "10.14";
            OTHER_CFLAGS = (
               "$(inherited)"
            );
            OTHER_LDFLAGS = (
               "$(inherited)"
            );
            OTHER_SWIFT_FLAGS = (
               "$(inherited)"
            );
            SWIFT_ACTIVE_COMPILATION_CONDITIONS = (
               "$(inherited)"
            );
            SWIFT_VERSION = "5.0";
            TARGET_NAME = "MultiaddrTests";
            TVOS_DEPLOYMENT_TARGET = "9.0";
            WATCHOS_DEPLOYMENT_TARGET = "2.0";
         };
         name = "Debug";
      };
      "OBJ_71" = {
         isa = "XCBuildConfiguration";
         buildSettings = {
            CLANG_ENABLE_MODULES = "YES";
            EMBEDDED_CONTENT_CONTAINS_SWIFT = "YES";
            FRAMEWORK_SEARCH_PATHS = (
               "$(inherited)",
               "$(PLATFORM_DIR)/Developer/Library/Frameworks"
            );
            HEADER_SEARCH_PATHS = (
               "$(inherited)"
            );
            INFOPLIST_FILE = "Multiaddr.xcodeproj/MultiaddrTests_Info.plist";
            IPHONEOS_DEPLOYMENT_TARGET = "12.0";
            LD_RUNPATH_SEARCH_PATHS = (
               "$(inherited)",
               "@loader_path/../Frameworks",
               "@loader_path/Frameworks"
            );
            MACOSX_DEPLOYMENT_TARGET = "10.14";
            OTHER_CFLAGS = (
               "$(inherited)"
            );
            OTHER_LDFLAGS = (
               "$(inherited)"
            );
            OTHER_SWIFT_FLAGS = (
               "$(inherited)"
            );
            SWIFT_ACTIVE_COMPILATION_CONDITIONS = (
               "$(inherited)"
            );
            SWIFT_VERSION = "5.0";
            TARGET_NAME = "MultiaddrTests";
            TVOS_DEPLOYMENT_TARGET = "9.0";
            WATCHOS_DEPLOYMENT_TARGET = "2.0";
         };
         name = "Release";
      };
      "OBJ_72" = {
         isa = "PBXSourcesBuildPhase";
         files = (
            "OBJ_73",
            "OBJ_74",
            "OBJ_75"
         );
      };
      "OBJ_73" = {
         isa = "PBXBuildFile";
         fileRef = "OBJ_28";
      };
      "OBJ_74" = {
         isa = "PBXBuildFile";
         fileRef = "OBJ_29";
      };
      "OBJ_75" = {
         isa = "PBXBuildFile";
         fileRef = "OBJ_30";
      };
      "OBJ_76" = {
         isa = "PBXFrameworksBuildPhase";
         files = (
            "OBJ_77"
         );
      };
      "OBJ_77" = {
         isa = "PBXBuildFile";
         fileRef = "Multiaddr::Multiaddr::Product";
      };
      "OBJ_78" = {
         isa = "PBXTargetDependency";
         target = "Multiaddr::Multiaddr";
      };
      "OBJ_8" = {
         isa = "PBXGroup";
         children = (
            "OBJ_9",
            "OBJ_10",
            "OBJ_13",
            "OBJ_14",
            "OBJ_22",
            "OBJ_23"
         );
         name = "Multiaddr";
         path = "Sources/Multiaddr";
         sourceTree = "SOURCE_ROOT";
      };
      "OBJ_9" = {
         isa = "PBXFileReference";
         path = "Address.swift";
         sourceTree = "<group>";
      };
   };
   rootObject = "OBJ_1";
}
